
Microsoft Visual Studio Solution File, Format Version 12.00
# Visual Studio Version 17
VisualStudioVersion = 17.2.32519.379
MinimumVisualStudioVersion = 10.0.40219.1
Project("{FAE04EC0-301F-11D3-BF4B-00C04F79EFBC}") = "GroceryCalculator", "GroceryCalculator\GroceryCalculator.csproj", "{3EA86273-3009-467D-B649-E92FEFDA319C}"
EndProject
Project("{FAE04EC0-301F-11D3-BF4B-00C04F79EFBC}") = "UnitTestGroceryCalculator", "UnitTestGroceryCalculator\UnitTestGroceryCalculator.csproj", "{27517A69-20B5-4DAE-AB83-302F04161777}"
EndProject
Project("{FAE04EC0-301F-11D3-BF4B-00C04F79EFBC}") = "GroceryClassLibrary", "GroceryClassLibrary\GroceryClassLibrary.csproj", "{21AAE31F-D5FE-4FC6-98C5-6F69BA1A6D96}"
EndProject
Global
	GlobalSection(SolutionConfigurationPlatforms) = preSolution
		Debug|Any CPU = Debug|Any CPU
		Release|Any CPU = Release|Any CPU
	EndGlobalSection
	GlobalSection(ProjectConfigurationPlatforms) = postSolution
		{3EA86273-3009-467D-B649-E92FEFDA319C}.Debug|Any CPU.ActiveCfg = Debug|Any CPU
		{3EA86273-3009-467D-B649-E92FEFDA319C}.Debug|Any CPU.Build.0 = Debug|Any CPU
		{3EA86273-3009-467D-B649-E92FEFDA319C}.Release|Any CPU.ActiveCfg = Release|Any CPU
		{3EA86273-3009-467D-B649-E92FEFDA319C}.Release|Any CPU.Build.0 = Release|Any CPU
		{27517A69-20B5-4DAE-AB83-302F04161777}.Debug|Any CPU.ActiveCfg = Debug|Any CPU
		{27517A69-20B5-4DAE-AB83-302F04161777}.Debug|Any CPU.Build.0 = Debug|Any CPU
		{27517A69-20B5-4DAE-AB83-302F04161777}.Release|Any CPU.ActiveCfg = Release|Any CPU
		{27517A69-20B5-4DAE-AB83-302F04161777}.Release|Any CPU.Build.0 = Release|Any CPU
		{21AAE31F-D5FE-4FC6-98C5-6F69BA1A6D96}.Debug|Any CPU.ActiveCfg = Debug|Any CPU
		{21AAE31F-D5FE-4FC6-98C5-6F69BA1A6D96}.Debug|Any CPU.Build.0 = Debug|Any CPU
		{21AAE31F-D5FE-4FC6-98C5-6F69BA1A6D96}.Release|Any CPU.ActiveCfg = Release|Any CPU
		{21AAE31F-D5FE-4FC6-98C5-6F69BA1A6D96}.Release|Any CPU.Build.0 = Release|Any CPU
	EndGlobalSection
	GlobalSection(SolutionProperties) = preSolution
		HideSolutionNode = FALSE
	EndGlobalSection
	GlobalSection(ExtensibilityGlobals) = postSolution
		SolutionGuid = {6735AAC6-0298-4E24-8E6B-CB257C2E5D7B}
	EndGlobalSection
EndGlobal
